
Microsoft Visual Studio Solution File, Format Version 12.00
# Visual Studio Version 16
VisualStudioVersion = 16.0.29926.136
MinimumVisualStudioVersion = 10.0.40219.1
Project("{FAE04EC0-301F-11D3-BF4B-00C04F79EFBC}") = "LudoTestWpf", "LudoTestWpf\LudoTestWpf.csproj", "{BB977A52-40BC-4156-8C9E-DE8177476387}"
EndProject
Global
	GlobalSection(SolutionConfigurationPlatforms) = preSolution
		Debug|Any CPU = Debug|Any CPU
		Release|Any CPU = Release|Any CPU
	EndGlobalSection
	GlobalSection(ProjectConfigurationPlatforms) = postSolution
		{BB977A52-40BC-4156-8C9E-DE8177476387}.Debug|Any CPU.ActiveCfg = Debug|Any CPU
		{BB977A52-40BC-4156-8C9E-DE8177476387}.Debug|Any CPU.Build.0 = Debug|Any CPU
		{BB977A52-40BC-4156-8C9E-DE8177476387}.Release|Any CPU.ActiveCfg = Release|Any CPU
		{BB977A52-40BC-4156-8C9E-DE8177476387}.Release|Any CPU.Build.0 = Release|Any CPU
	EndGlobalSection
	GlobalSection(SolutionProperties) = preSolution
		HideSolutionNode = FALSE
	EndGlobalSection
	GlobalSection(ExtensibilityGlobals) = postSolution
		SolutionGuid = {7ECDD40C-EB59-4A80-AE64-DD569A4D2801}
	EndGlobalSection
EndGlobal
